
Microsoft Visual Studio Solution File, Format Version 12.00
# Visual Studio Version 17
VisualStudioVersion = 17.14.36301.6
MinimumVisualStudioVersion = 10.0.40219.1
Project("{FAE04EC0-301F-11D3-BF4B-00C04F79EFBC}") = "TicketBookingApp", "TicketBookingApp\TicketBookingApp.csproj", "{1D057E74-0CD3-49C6-BD12-7799B0133956}"
EndProject
Project("{FAE04EC0-301F-11D3-BF4B-00C04F79EFBC}") = "BlazorApp", "BlazorApp\BlazorApp.csproj", "{777F051D-04D3-4B57-8CD3-E01D600B18AD}"
EndProject
Project("{FAE04EC0-301F-11D3-BF4B-00C04F79EFBC}") = "AzureFunction", "AzureFunction\AzureFunction.csproj", "{EC9165AE-4F09-4EF5-B367-EB6AB9B306DD}"
EndProject
Global
	GlobalSection(SolutionConfigurationPlatforms) = preSolution
		Debug|Any CPU = Debug|Any CPU
		Release|Any CPU = Release|Any CPU
	EndGlobalSection
	GlobalSection(ProjectConfigurationPlatforms) = postSolution
		{1D057E74-0CD3-49C6-BD12-7799B0133956}.Debug|Any CPU.ActiveCfg = Debug|Any CPU
		{1D057E74-0CD3-49C6-BD12-7799B0133956}.Debug|Any CPU.Build.0 = Debug|Any CPU
		{1D057E74-0CD3-49C6-BD12-7799B0133956}.Release|Any CPU.ActiveCfg = Release|Any CPU
		{1D057E74-0CD3-49C6-BD12-7799B0133956}.Release|Any CPU.Build.0 = Release|Any CPU
		{777F051D-04D3-4B57-8CD3-E01D600B18AD}.Debug|Any CPU.ActiveCfg = Debug|Any CPU
		{777F051D-04D3-4B57-8CD3-E01D600B18AD}.Debug|Any CPU.Build.0 = Debug|Any CPU
		{777F051D-04D3-4B57-8CD3-E01D600B18AD}.Release|Any CPU.ActiveCfg = Release|Any CPU
		{777F051D-04D3-4B57-8CD3-E01D600B18AD}.Release|Any CPU.Build.0 = Release|Any CPU
		{EC9165AE-4F09-4EF5-B367-EB6AB9B306DD}.Debug|Any CPU.ActiveCfg = Debug|Any CPU
		{EC9165AE-4F09-4EF5-B367-EB6AB9B306DD}.Debug|Any CPU.Build.0 = Debug|Any CPU
		{EC9165AE-4F09-4EF5-B367-EB6AB9B306DD}.Release|Any CPU.ActiveCfg = Release|Any CPU
		{EC9165AE-4F09-4EF5-B367-EB6AB9B306DD}.Release|Any CPU.Build.0 = Release|Any CPU
	EndGlobalSection
	GlobalSection(SolutionProperties) = preSolution
		HideSolutionNode = FALSE
	EndGlobalSection
	GlobalSection(ExtensibilityGlobals) = postSolution
		SolutionGuid = {51A8DD1B-D1EE-4DE1-967C-217A2989ADDF}
	EndGlobalSection
EndGlobal
